// !$*UTF8*$!
{
	archiveVersion = 1;
	classes = {
	};
	objectVersion = 46;
	objects = {

/* Begin PBXBuildFile section */
		3F2C447C1A2B8C8000080ED0 /* main.m in Sources */ = {isa = PBXBuildFile; fileRef = 3F2C447B1A2B8C8000080ED0 /* main.m */; };
		3F2C447F1A2B8C8000080ED0 /* AppDelegate.m in Sources */ = {isa = PBXBuildFile; fileRef = 3F2C447E1A2B8C8000080ED0 /* AppDelegate.m */; };
		3F2C44821A2B8C8000080ED0 /* ViewController.m in Sources */ = {isa = PBXBuildFile; fileRef = 3F2C44811A2B8C8000080ED0 /* ViewController.m */; };
		3F2C44851A2B8C8000080ED0 /* Main.storyboard in Resources */ = {isa = PBXBuildFile; fileRef = 3F2C44831A2B8C8000080ED0 /* Main.storyboard */; };
		3F2C44871A2B8C8000080ED0 /* Images.xcassets in Resources */ = {isa = PBXBuildFile; fileRef = 3F2C44861A2B8C8000080ED0 /* Images.xcassets */; };
		3F2C448A1A2B8C8000080ED0 /* LaunchScreen.xib in Resources */ = {isa = PBXBuildFile; fileRef = 3F2C44881A2B8C8000080ED0 /* LaunchScreen.xib */; };
		3F2C44961A2B8C8100080ED0 /* DemoGithubTests.m in Sources */ = {isa = PBXBuildFile; fileRef = 3F2C44951A2B8C8100080ED0 /* DemoGithubTests.m */; };
/* End PBXBuildFile section */

/* Begin PBXContainerItemProxy section */
		3F2C44901A2B8C8100080ED0 /* PBXContainerItemProxy */ = {
			isa = PBXContainerItemProxy;
			containerPortal = 3F2C446E1A2B8C8000080ED0 /* Project object */;
			proxyType = 1;
			remoteGlobalIDString = 3F2C44751A2B8C8000080ED0;
			remoteInfo = DemoGithub;
		};
/* End PBXContainerItemProxy section */

/* Begin PBXFileReference section */
		3F2C44761A2B8C8000080ED0 /* DemoGithub.app */ = {isa = PBXFileReference; explicitFileType = wrapper.application; includeInIndex = 0; path = DemoGithub.app; sourceTree = BUILT_PRODUCTS_DIR; };
		3F2C447A1A2B8C8000080ED0 /* Info.plist */ = {isa = PBXFileReference; lastKnownFileType = text.plist.xml; path = Info.plist; sourceTree = "<group>"; };
		3F2C447B1A2B8C8000080ED0 /* main.m */ = {isa = PBXFileReference; lastKnownFileType = sourcecode.c.objc; path = main.m; sourceTree = "<group>"; };
		3F2C447D1A2B8C8000080ED0 /* AppDelegate.h */ = {isa = PBXFileReference; lastKnownFileType = sourcecode.c.h; path = AppDelegate.h; sourceTree = "<group>"; };
		3F2C447E1A2B8C8000080ED0 /* AppDelegate.m */ = {isa = PBXFileReference; lastKnownFileType = sourcecode.c.objc; path = AppDelegate.m; sourceTree = "<group>"; };
		3F2C44801A2B8C8000080ED0 /* ViewController.h */ = {isa = PBXFileReference; lastKnownFileType = sourcecode.c.h; path = ViewController.h; sourceTree = "<group>"; };
		3F2C44811A2B8C8000080ED0 /* ViewController.m */ = {isa = PBXFileReference; lastKnownFileType = sourcecode.c.objc; path = ViewController.m; sourceTree = "<group>"; };
		3F2C44841A2B8C8000080ED0 /* Base */ = {isa = PBXFileReference; lastKnownFileType = file.storyboard; name = Base; path = Base.lproj/Main.storyboard; sourceTree = "<group>"; };
		3F2C44861A2B8C8000080ED0 /* Images.xcassets */ = {isa = PBXFileReference; lastKnownFileType = folder.assetcatalog; path = Images.xcassets; sourceTree = "<group>"; };
		3F2C44891A2B8C8000080ED0 /* Base */ = {isa = PBXFileReference; lastKnownFileType = file.xib; name = Base; path = Base.lproj/LaunchScreen.xib; sourceTree = "<group>"; };
		3F2C448F1A2B8C8100080ED0 /* DemoGithubTests.xctest */ = {isa = PBXFileReference; explicitFileType = wrapper.cfbundle; includeInIndex = 0; path = DemoGithubTests.xctest; sourceTree = BUILT_PRODUCTS_DIR; };
		3F2C44941A2B8C8100080ED0 /* Info.plist */ = {isa = PBXFileReference; lastKnownFileType = text.plist.xml; path = Info.plist; sourceTree = "<group>"; };
		3F2C44951A2B8C8100080ED0 /* DemoGithubTests.m */ = {isa = PBXFileReference; lastKnownFileType = sourcecode.c.objc; path = DemoGithubTests.m; sourceTree = "<group>"; };
/* End PBXFileReference section */

/* Begin PBXFrameworksBuildPhase section */
		3F2C44731A2B8C8000080ED0 /* Frameworks */ = {
			isa = PBXFrameworksBuildPhase;
			buildActionMask = 2147483647;
			files = (
			);
			runOnlyForDeploymentPostprocessing = 0;
		};
		3F2C448C1A2B8C8100080ED0 /* Frameworks */ = {
			isa = PBXFrameworksBuildPhase;
			buildActionMask = 2147483647;
			files = (
			);
			runOnlyForDeploymentPostprocessing = 0;
		};
/* End PBXFrameworksBuildPhase section */

/* Begin PBXGroup section */
		3F2C446D1A2B8C8000080ED0 = {
			isa = PBXGroup;
			children = (
				3F2C44781A2B8C8000080ED0 /* DemoGithub */,
				3F2C44921A2B8C8100080ED0 /* DemoGithubTests */,
				3F2C44771A2B8C8000080ED0 /* Products */,
			);
			sourceTree = "<group>";
		};
		3F2C44771A2B8C8000080ED0 /* Products */ = {
			isa = PBXGroup;
			children = (
				3F2C44761A2B8C8000080ED0 /* DemoGithub.app */,
				3F2C448F1A2B8C8100080ED0 /* DemoGithubTests.xctest */,
			);
			name = Products;
			sourceTree = "<group>";
		};
		3F2C44781A2B8C8000080ED0 /* DemoGithub */ = {
			isa = PBXGroup;
			children = (
				3F2C447D1A2B8C8000080ED0 /* AppDelegate.h */,
				3F2C447E1A2B8C8000080ED0 /* AppDelegate.m */,
				3F2C44801A2B8C8000080ED0 /* ViewController.h */,
				3F2C44811A2B8C8000080ED0 /* ViewController.m */,
				3F2C44831A2B8C8000080ED0 /* Main.storyboard */,
				3F2C44861A2B8C8000080ED0 /* Images.xcassets */,
				3F2C44881A2B8C8000080ED0 /* LaunchScreen.xib */,
				3F2C44791A2B8C8000080ED0 /* Supporting Files */,
			);
			path = DemoGithub;
			sourceTree = "<group>";
		};
		3F2C44791A2B8C8000080ED0 /* Supporting Files */ = {
			isa = PBXGroup;
			children = (
				3F2C447A1A2B8C8000080ED0 /* Info.plist */,
				3F2C447B1A2B8C8000080ED0 /* main.m */,
			);
			name = "Supporting Files";
			sourceTree = "<group>";
		};
		3F2C44921A2B8C8100080ED0 /* DemoGithubTests */ = {
			isa = PBXGroup;
			children = (
				3F2C44951A2B8C8100080ED0 /* DemoGithubTests.m */,
				3F2C44931A2B8C8100080ED0 /* Supporting Files */,
			);
			path = DemoGithubTests;
			sourceTree = "<group>";
		};
		3F2C44931A2B8C8100080ED0 /* Supporting Files */ = {
			isa = PBXGroup;
			children = (
				3F2C44941A2B8C8100080ED0 /* Info.plist */,
			);
			name = "Supporting Files";
			sourceTree = "<group>";
		};
/* End PBXGroup section */

/* Begin PBXNativeTarget section */
		3F2C44751A2B8C8000080ED0 /* DemoGithub */ = {
			isa = PBXNativeTarget;
			buildConfigurationList = 3F2C44991A2B8C8100080ED0 /* Build configuration list for PBXNativeTarget "DemoGithub" */;
			buildPhases = (
				3F2C44721A2B8C8000080ED0 /* Sources */,
				3F2C44731A2B8C8000080ED0 /* Frameworks */,
				3F2C44741A2B8C8000080ED0 /* Resources */,
			);
			buildRules = (
			);
			dependencies = (
			);
			name = DemoGithub;
			productName = DemoGithub;
			productReference = 3F2C44761A2B8C8000080ED0 /* DemoGithub.app */;
			productType = "com.apple.product-type.application";
		};
		3F2C448E1A2B8C8100080ED0 /* DemoGithubTests */ = {
			isa = PBXNativeTarget;
			buildConfigurationList = 3F2C449C1A2B8C8100080ED0 /* Build configuration list for PBXNativeTarget "DemoGithubTests" */;
			buildPhases = (
				3F2C448B1A2B8C8100080ED0 /* Sources */,
				3F2C448C1A2B8C8100080ED0 /* Frameworks */,
				3F2C448D1A2B8C8100080ED0 /* Resources */,
			);
			buildRules = (
			);
			dependencies = (
				3F2C44911A2B8C8100080ED0 /* PBXTargetDependency */,
			);
			name = DemoGithubTests;
			productName = DemoGithubTests;
			productReference = 3F2C448F1A2B8C8100080ED0 /* DemoGithubTests.xctest */;
			productType = "com.apple.product-type.bundle.unit-test";
		};
/* End PBXNativeTarget section */

/* Begin PBXProject section */
		3F2C446E1A2B8C8000080ED0 /* Project object */ = {
			isa = PBXProject;
			attributes = {
				LastUpgradeCheck = 0610;
				ORGANIZATIONNAME = xenon;
				TargetAttributes = {
					3F2C44751A2B8C8000080ED0 = {
						CreatedOnToolsVersion = 6.1;
					};
					3F2C448E1A2B8C8100080ED0 = {
						CreatedOnToolsVersion = 6.1;
						TestTargetID = 3F2C44751A2B8C8000080ED0;
					};
				};
			};
			buildConfigurationList = 3F2C44711A2B8C8000080ED0 /* Build configuration list for PBXProject "DemoGithub" */;
			compatibilityVersion = "Xcode 3.2";
			developmentRegion = English;
			hasScannedForEncodings = 0;
			knownRegions = (
				en,
				Base,
			);
			mainGroup = 3F2C446D1A2B8C8000080ED0;
			productRefGroup = 3F2C44771A2B8C8000080ED0 /* Products */;
			projectDirPath = "";
			projectRoot = "";
			targets = (
				3F2C44751A2B8C8000080ED0 /* DemoGithub */,
				3F2C448E1A2B8C8100080ED0 /* DemoGithubTests */,
			);
		};
/* End PBXProject section */

/* Begin PBXResourcesBuildPhase section */
		3F2C44741A2B8C8000080ED0 /* Resources */ = {
			isa = PBXResourcesBuildPhase;
			buildActionMask = 2147483647;
			files = (
				3F2C44851A2B8C8000080ED0 /* Main.storyboard in Resources */,
				3F2C448A1A2B8C8000080ED0 /* LaunchScreen.xib in Resources */,
				3F2C44871A2B8C8000080ED0 /* Images.xcassets in Resources */,
			);
			runOnlyForDeploymentPostprocessing = 0;
		};
		3F2C448D1A2B8C8100080ED0 /* Resources */ = {
			isa = PBXResourcesBuildPhase;
			buildActionMask = 2147483647;
			files = (
			);
			runOnlyForDeploymentPostprocessing = 0;
		};
/* End PBXResourcesBuildPhase section */

/* Begin PBXSourcesBuildPhase section */
		3F2C44721A2B8C8000080ED0 /* Sources */ = {
			isa = PBXSourcesBuildPhase;
			buildActionMask = 2147483647;
			files = (
				3F2C44821A2B8C8000080ED0 /* ViewController.m in Sources */,
				3F2C447F1A2B8C8000080ED0 /* AppDelegate.m in Sources */,
				3F2C447C1A2B8C8000080ED0 /* main.m in Sources */,
			);
			runOnlyForDeploymentPostprocessing = 0;
		};
		3F2C448B1A2B8C8100080ED0 /* Sources */ = {
			isa = PBXSourcesBuildPhase;
			buildActionMask = 2147483647;
			files = (
				3F2C44961A2B8C8100080ED0 /* DemoGithubTests.m in Sources */,
			);
			runOnlyForDeploymentPostprocessing = 0;
		};
/* End PBXSourcesBuildPhase section */

/* Begin PBXTargetDependency section */
		3F2C44911A2B8C8100080ED0 /* PBXTargetDependency */ = {
			isa = PBXTargetDependency;
			target = 3F2C44751A2B8C8000080ED0 /* DemoGithub */;
			targetProxy = 3F2C44901A2B8C8100080ED0 /* PBXContainerItemProxy */;
		};
/* End PBXTargetDependency section */

/* Begin PBXVariantGroup section */
		3F2C44831A2B8C8000080ED0 /* Main.storyboard */ = {
			isa = PBXVariantGroup;
			children = (
				3F2C44841A2B8C8000080ED0 /* Base */,
			);
			name = Main.storyboard;
			sourceTree = "<group>";
		};
		3F2C44881A2B8C8000080ED0 /* LaunchScreen.xib */ = {
			isa = PBXVariantGroup;
			children = (
				3F2C44891A2B8C8000080ED0 /* Base */,
			);
			name = LaunchScreen.xib;
			sourceTree = "<group>";
		};
/* End PBXVariantGroup section */

/* Begin XCBuildConfiguration section */
		3F2C44971A2B8C8100080ED0 /* Debug */ = {
			isa = XCBuildConfiguration;
			buildSettings = {
				ALWAYS_SEARCH_USER_PATHS = NO;
				CLANG_CXX_LANGUAGE_STANDARD = "gnu++0x";
				CLANG_CXX_LIBRARY = "libc++";
				CLANG_ENABLE_MODULES = YES;
				CLANG_ENABLE_OBJC_ARC = YES;
				CLANG_WARN_BOOL_CONVERSION = YES;
				CLANG_WARN_CONSTANT_CONVERSION = YES;
				CLANG_WARN_DIRECT_OBJC_ISA_USAGE = YES_ERROR;
				CLANG_WARN_EMPTY_BODY = YES;
				CLANG_WARN_ENUM_CONVERSION = YES;
				CLANG_WARN_INT_CONVERSION = YES;
				CLANG_WARN_OBJC_ROOT_CLASS = YES_ERROR;
				CLANG_WARN_UNREACHABLE_CODE = YES;
				CLANG_WARN__DUPLICATE_METHOD_MATCH = YES;
				"CODE_SIGN_IDENTITY[sdk=iphoneos*]" = "iPhone Developer";
				COPY_PHASE_STRIP = NO;
				ENABLE_STRICT_OBJC_MSGSEND = YES;
				GCC_C_LANGUAGE_STANDARD = gnu99;
				GCC_DYNAMIC_NO_PIC = NO;
				GCC_OPTIMIZATION_LEVEL = 0;
				GCC_PREPROCESSOR_DEFINITIONS = (
					"DEBUG=1",
					"$(inherited)",
				);
				GCC_SYMBOLS_PRIVATE_EXTERN = NO;
				GCC_WARN_64_TO_32_BIT_CONVERSION = YES;
				GCC_WARN_ABOUT_RETURN_TYPE = YES_ERROR;
				GCC_WARN_UNDECLARED_SELECTOR = YES;
				GCC_WARN_UNINITIALIZED_AUTOS = YES_AGGRESSIVE;
				GCC_WARN_UNUSED_FUNCTION = YES;
				GCC_WARN_UNUSED_VARIABLE = YES;
				IPHONEOS_DEPLOYMENT_TARGET = 8.1;
				MTL_ENABLE_DEBUG_INFO = YES;
				ONLY_ACTIVE_ARCH = YES;
				SDKROOT = iphoneos;
			};
			name = Debug;
		};
		3F2C44981A2B8C8100080ED0 /* Release */ = {
			isa = XCBuildConfiguration;
			buildSettings = {
				ALWAYS_SEARCH_USER_PATHS = NO;
				CLANG_CXX_LANGUAGE_STANDARD = "gnu++0x";
				CLANG_CXX_LIBRARY = "libc++";
				CLANG_ENABLE_MODULES = YES;
				CLANG_ENABLE_OBJC_ARC = YES;
				CLANG_WARN_BOOL_CONVERSION = YES;
				CLANG_WARN_CONSTANT_CONVERSION = YES;
				CLANG_WARN_DIRECT_OBJC_ISA_USAGE = YES_ERROR;
				CLANG_WARN_EMPTY_BODY = YES;
				CLANG_WARN_ENUM_CONVERSION = YES;
				CLANG_WARN_INT_CONVERSION = YES;
				CLANG_WARN_OBJC_ROOT_CLASS = YES_ERROR;
				CLANG_WARN_UNREACHABLE_CODE = YES;
				CLANG_WARN__DUPLICATE_METHOD_MATCH = YES;
				"CODE_SIGN_IDENTITY[sdk=iphoneos*]" = "iPhone Developer";
				COPY_PHASE_STRIP = YES;
				ENABLE_NS_ASSERTIONS = NO;
				ENABLE_STRICT_OBJC_MSGSEND = YES;
				GCC_C_LANGUAGE_STANDARD = gnu99;
				GCC_WARN_64_TO_32_BIT_CONVERSION = YES;
				GCC_WARN_ABOUT_RETURN_TYPE = YES_ERROR;
				GCC_WARN_UNDECLARED_SELECTOR = YES;
				GCC_WARN_UNINITIALIZED_AUTOS = YES_AGGRESSIVE;
				GCC_WARN_UNUSED_FUNCTION = YES;
				GCC_WARN_UNUSED_VARIABLE = YES;
				IPHONEOS_DEPLOYMENT_TARGET = 8.1;
				MTL_ENABLE_DEBUG_INFO = NO;
				SDKROOT = iphoneos;
				VALIDATE_PRODUCT = YES;
			};
			name = Release;
		};
		3F2C449A1A2B8C8100080ED0 /* Debug */ = {
			isa = XCBuildConfiguration;
			buildSettings = {
				ASSETCATALOG_COMPILER_APPICON_NAME = AppIcon;
				INFOPLIST_FILE = DemoGithub/Info.plist;
				LD_RUNPATH_SEARCH_PATHS = "$(inherited) @executable_path/Frameworks";
				PRODUCT_NAME = "$(TARGET_NAME)";
			};
			name = Debug;
		};
		3F2C449B1A2B8C8100080ED0 /* Release */ = {
			isa = XCBuildConfiguration;
			buildSettings = {
				ASSETCATALOG_COMPILER_APPICON_NAME = AppIcon;
				INFOPLIST_FILE = DemoGithub/Info.plist;
				LD_RUNPATH_SEARCH_PATHS = "$(inherited) @executable_path/Frameworks";
				PRODUCT_NAME = "$(TARGET_NAME)";
			};
			name = Release;
		};
		3F2C449D1A2B8C8100080ED0 /* Debug */ = {
			isa = XCBuildConfiguration;
			buildSettings = {
				BUNDLE_LOADER = "$(TEST_HOST)";
				FRAMEWORK_SEARCH_PATHS = (
					"$(SDKROOT)/Developer/Library/Frameworks",
					"$(inherited)",
				);
				GCC_PREPROCESSOR_DEFINITIONS = (
					"DEBUG=1",
					"$(inherited)",
				);
				INFOPLIST_FILE = DemoGithubTests/Info.plist;
				LD_RUNPATH_SEARCH_PATHS = "$(inherited) @executable_path/Frameworks @loader_path/Frameworks";
				PRODUCT_NAME = "$(TARGET_NAME)";
				TEST_HOST = "$(BUILT_PRODUCTS_DIR)/DemoGithub.app/DemoGithub";
			};
			name = Debug;
		};
		3F2C449E1A2B8C8100080ED0 /* Release */ = {
			isa = XCBuildConfiguration;
			buildSettings = {
				BUNDLE_LOADER = "$(TEST_HOST)";
				FRAMEWORK_SEARCH_PATHS = (
					"$(SDKROOT)/Developer/Library/Frameworks",
					"$(inherited)",
				);
				INFOPLIST_FILE = DemoGithubTests/Info.plist;
				LD_RUNPATH_SEARCH_PATHS = "$(inherited) @executable_path/Frameworks @loader_path/Frameworks";
				PRODUCT_NAME = "$(TARGET_NAME)";
				TEST_HOST = "$(BUILT_PRODUCTS_DIR)/DemoGithub.app/DemoGithub";
			};
			name = Release;
		};
/* End XCBuildConfiguration section */

/* Begin XCConfigurationList section */
		3F2C44711A2B8C8000080ED0 /* Build configuration list for PBXProject "DemoGithub" */ = {
			isa = XCConfigurationList;
			buildConfigurations = (
				3F2C44971A2B8C8100080ED0 /* Debug */,
				3F2C44981A2B8C8100080ED0 /* Release */,
			);
			defaultConfigurationIsVisible = 0;
			defaultConfigurationName = Release;
		};
		3F2C44991A2B8C8100080ED0 /* Build configuration list for PBXNativeTarget "DemoGithub" */ = {
			isa = XCConfigurationList;
			buildConfigurations = (
				3F2C449A1A2B8C8100080ED0 /* Debug */,
				3F2C449B1A2B8C8100080ED0 /* Release */,
			);
			defaultConfigurationIsVisible = 0;
		};
		3F2C449C1A2B8C8100080ED0 /* Build configuration list for PBXNativeTarget "DemoGithubTests" */ = {
			isa = XCConfigurationList;
			buildConfigurations = (
				3F2C449D1A2B8C8100080ED0 /* Debug */,
				3F2C449E1A2B8C8100080ED0 /* Release */,
			);
			defaultConfigurationIsVisible = 0;
		};
/* End XCConfigurationList section */
	};
	rootObject = 3F2C446E1A2B8C8000080ED0 /* Project object */;
}
